Microsoft Visual Studio Solution File, Format Version 12.00
# Visual Studio Version 17
VisualStudioVersion = 17.5.2.0
MinimumVisualStudioVersion = 10.0.40219.1
Project("{FAE04EC0-301F-11D3-BF4B-00C04F79EFBC}") = "OracleTimingProbe", "OracleTimingProbe\OracleTimingProbe.csproj", "{FF4AE3B3-1CCA-CCC6-C5F1-E043B9BEF9CC}"
EndProject
Global
	GlobalSection(SolutionConfigurationPlatforms) = preSolution
		Debug|Any CPU = Debug|Any CPU
		Release|Any CPU = Release|Any CPU
	EndGlobalSection
	GlobalSection(ProjectConfigurationPlatforms) = postSolution
		{FF4AE3B3-1CCA-CCC6-C5F1-E043B9BEF9CC}.Debug|Any CPU.ActiveCfg = Debug|Any CPU
		{FF4AE3B3-1CCA-CCC6-C5F1-E043B9BEF9CC}.Debug|Any CPU.Build.0 = Debug|Any CPU
		{FF4AE3B3-1CCA-CCC6-C5F1-E043B9BEF9CC}.Release|Any CPU.ActiveCfg = Release|Any CPU
		{FF4AE3B3-1CCA-CCC6-C5F1-E043B9BEF9CC}.Release|Any CPU.Build.0 = Release|Any CPU
	EndGlobalSection
	GlobalSection(SolutionProperties) = preSolution
		HideSolutionNode = FALSE
	EndGlobalSection
	GlobalSection(ExtensibilityGlobals) = postSolution
		SolutionGuid = {A5F89EAE-BF1B-4F75-9B9E-6EFD9323321E}
	EndGlobalSection
EndGlobal
